
Microsoft Visual Studio Solution File, Format Version 12.00
# Visual Studio 15
VisualStudioVersion = 15.0.28306.52
MinimumVisualStudioVersion = 10.0.40219.1
Project("{FAE04EC0-301F-11D3-BF4B-00C04F79EFBC}") = "MonitorBB.Android", "MonitorBB\MonitorBB.Android\MonitorBB.Android.csproj", "{39F106CE-CAC1-4EAB-ADE9-492928E8E6C7}"
EndProject
Project("{FAE04EC0-301F-11D3-BF4B-00C04F79EFBC}") = "MonitorBB.iOS", "MonitorBB\MonitorBB.iOS\MonitorBB.iOS.csproj", "{2AFD3D66-4675-4D18-ADD4-96FA680A1FB0}"
EndProject
Project("{FAE04EC0-301F-11D3-BF4B-00C04F79EFBC}") = "MonitorBB", "MonitorBB\MonitorBB\MonitorBB.csproj", "{CE92FD46-16FE-4EB6-A362-606F9236F4BE}"
EndProject
Global
	GlobalSection(SolutionConfigurationPlatforms) = preSolution
		Ad-Hoc|Any CPU = Ad-Hoc|Any CPU
		Ad-Hoc|iPhone = Ad-Hoc|iPhone
		Ad-Hoc|iPhoneSimulator = Ad-Hoc|iPhoneSimulator
		AppStore|Any CPU = AppStore|Any CPU
		AppStore|iPhone = AppStore|iPhone
		AppStore|iPhoneSimulator = AppStore|iPhoneSimulator
		Debug|Any CPU = Debug|Any CPU
		Debug|iPhone = Debug|iPhone
		Debug|iPhoneSimulator = Debug|iPhoneSimulator
		Release|Any CPU = Release|Any CPU
		Release|iPhone = Release|iPhone
		Release|iPhoneSimulator = Release|iPhoneSimulator
	EndGlobalSection
	GlobalSection(ProjectConfigurationPlatforms) = postSolution
		{39F106CE-CAC1-4EAB-ADE9-492928E8E6C7}.Ad-Hoc|Any CPU.ActiveCfg = Release|Any CPU
		{39F106CE-CAC1-4EAB-ADE9-492928E8E6C7}.Ad-Hoc|Any CPU.Build.0 = Release|Any CPU
		{39F106CE-CAC1-4EAB-ADE9-492928E8E6C7}.Ad-Hoc|Any CPU.Deploy.0 = Release|Any CPU
		{39F106CE-CAC1-4EAB-ADE9-492928E8E6C7}.Ad-Hoc|iPhone.ActiveCfg = Release|Any CPU
		{39F106CE-CAC1-4EAB-ADE9-492928E8E6C7}.Ad-Hoc|iPhone.Build.0 = Release|Any CPU
		{39F106CE-CAC1-4EAB-ADE9-492928E8E6C7}.Ad-Hoc|iPhone.Deploy.0 = Release|Any CPU
		{39F106CE-CAC1-4EAB-ADE9-492928E8E6C7}.Ad-Hoc|iPhoneSimulator.ActiveCfg = Release|Any CPU
		{39F106CE-CAC1-4EAB-ADE9-492928E8E6C7}.Ad-Hoc|iPhoneSimulator.Build.0 = Release|Any CPU
		{39F106CE-CAC1-4EAB-ADE9-492928E8E6C7}.Ad-Hoc|iPhoneSimulator.Deploy.0 = Release|Any CPU
		{39F106CE-CAC1-4EAB-ADE9-492928E8E6C7}.AppStore|Any CPU.ActiveCfg = Release|Any CPU
		{39F106CE-CAC1-4EAB-ADE9-492928E8E6C7}.AppStore|Any CPU.Build.0 = Release|Any CPU
		{39F106CE-CAC1-4EAB-ADE9-492928E8E6C7}.AppStore|Any CPU.Deploy.0 = Release|Any CPU
		{39F106CE-CAC1-4EAB-ADE9-492928E8E6C7}.AppStore|iPhone.ActiveCfg = Release|Any CPU
		{39F106CE-CAC1-4EAB-ADE9-492928E8E6C7}.AppStore|iPhone.Build.0 = Release|Any CPU
		{39F106CE-CAC1-4EAB-ADE9-492928E8E6C7}.AppStore|iPhone.Deploy.0 = Release|Any CPU
		{39F106CE-CAC1-4EAB-ADE9-492928E8E6C7}.AppStore|iPhoneSimulator.ActiveCfg = Release|Any CPU
		{39F106CE-CAC1-4EAB-ADE9-492928E8E6C7}.AppStore|iPhoneSimulator.Build.0 = Release|Any CPU
		{39F106CE-CAC1-4EAB-ADE9-492928E8E6C7}.AppStore|iPhoneSimulator.Deploy.0 = Release|Any CPU
		{39F106CE-CAC1-4EAB-ADE9-492928E8E6C7}.Debug|Any CPU.ActiveCfg = Debug|Any CPU
		{39F106CE-CAC1-4EAB-ADE9-492928E8E6C7}.Debug|Any CPU.Build.0 = Debug|Any CPU
		{39F106CE-CAC1-4EAB-ADE9-492928E8E6C7}.Debug|Any CPU.Deploy.0 = Debug|Any CPU
		{39F106CE-CAC1-4EAB-ADE9-492928E8E6C7}.Debug|iPhone.ActiveCfg = Debug|Any CPU
		{39F106CE-CAC1-4EAB-ADE9-492928E8E6C7}.Debug|iPhone.Build.0 = Debug|Any CPU
		{39F106CE-CAC1-4EAB-ADE9-492928E8E6C7}.Debug|iPhone.Deploy.0 = Debug|Any CPU
		{39F106CE-CAC1-4EAB-ADE9-492928E8E6C7}.Debug|iPhoneSimulator.ActiveCfg = Debug|Any CPU
		{39F106CE-CAC1-4EAB-ADE9-492928E8E6C7}.Debug|iPhoneSimulator.Build.0 = Debug|Any CPU
		{39F106CE-CAC1-4EAB-ADE9-492928E8E6C7}.Debug|iPhoneSimulator.Deploy.0 = Debug|Any CPU
		{39F106CE-CAC1-4EAB-ADE9-492928E8E6C7}.Release|Any CPU.ActiveCfg = Release|Any CPU
		{39F106CE-CAC1-4EAB-ADE9-492928E8E6C7}.Release|Any CPU.Build.0 = Release|Any CPU
		{39F106CE-CAC1-4EAB-ADE9-492928E8E6C7}.Release|Any CPU.Deploy.0 = Release|Any CPU
		{39F106CE-CAC1-4EAB-ADE9-492928E8E6C7}.Release|iPhone.ActiveCfg = Release|Any CPU
		{39F106CE-CAC1-4EAB-ADE9-492928E8E6C7}.Release|iPhone.Build.0 = Release|Any CPU
		{39F106CE-CAC1-4EAB-ADE9-492928E8E6C7}.Release|iPhone.Deploy.0 = Release|Any CPU
		{39F106CE-CAC1-4EAB-ADE9-492928E8E6C7}.Release|iPhoneSimulator.ActiveCfg = Release|Any CPU
		{39F106CE-CAC1-4EAB-ADE9-492928E8E6C7}.Release|iPhoneSimulator.Build.0 = Release|Any CPU
		{39F106CE-CAC1-4EAB-ADE9-492928E8E6C7}.Release|iPhoneSimulator.Deploy.0 = Release|Any CPU
		{2AFD3D66-4675-4D18-ADD4-96FA680A1FB0}.Ad-Hoc|Any CPU.ActiveCfg = Ad-Hoc|iPhone
		{2AFD3D66-4675-4D18-ADD4-96FA680A1FB0}.Ad-Hoc|Any CPU.Build.0 = Ad-Hoc|iPhone
		{2AFD3D66-4675-4D18-ADD4-96FA680A1FB0}.Ad-Hoc|Any CPU.Deploy.0 = Ad-Hoc|iPhone
		{2AFD3D66-4675-4D18-ADD4-96FA680A1FB0}.Ad-Hoc|iPhone.ActiveCfg = Ad-Hoc|iPhone
		{2AFD3D66-4675-4D18-ADD4-96FA680A1FB0}.Ad-Hoc|iPhone.Build.0 = Ad-Hoc|iPhone
		{2AFD3D66-4675-4D18-ADD4-96FA680A1FB0}.Ad-Hoc|iPhone.Deploy.0 = Ad-Hoc|iPhone
		{2AFD3D66-4675-4D18-ADD4-96FA680A1FB0}.Ad-Hoc|iPhoneSimulator.ActiveCfg = Ad-Hoc|iPhoneSimulator
		{2AFD3D66-4675-4D18-ADD4-96FA680A1FB0}.Ad-Hoc|iPhoneSimulator.Build.0 = Ad-Hoc|iPhoneSimulator
		{2AFD3D66-4675-4D18-ADD4-96FA680A1FB0}.Ad-Hoc|iPhoneSimulator.Deploy.0 = Ad-Hoc|iPhoneSimulator
		{2AFD3D66-4675-4D18-ADD4-96FA680A1FB0}.AppStore|Any CPU.ActiveCfg = AppStore|iPhone
		{2AFD3D66-4675-4D18-ADD4-96FA680A1FB0}.AppStore|Any CPU.Build.0 = AppStore|iPhone
		{2AFD3D66-4675-4D18-ADD4-96FA680A1FB0}.AppStore|Any CPU.Deploy.0 = AppStore|iPhone
		{2AFD3D66-4675-4D18-ADD4-96FA680A1FB0}.AppStore|iPhone.ActiveCfg = AppStore|iPhone
		{2AFD3D66-4675-4D18-ADD4-96FA680A1FB0}.AppStore|iPhone.Build.0 = AppStore|iPhone
		{2AFD3D66-4675-4D18-ADD4-96FA680A1FB0}.AppStore|iPhone.Deploy.0 = AppStore|iPhone
		{2AFD3D66-4675-4D18-ADD4-96FA680A1FB0}.AppStore|iPhoneSimulator.ActiveCfg = AppStore|iPhoneSimulator
		{2AFD3D66-4675-4D18-ADD4-96FA680A1FB0}.AppStore|iPhoneSimulator.Build.0 = AppStore|iPhoneSimulator
		{2AFD3D66-4675-4D18-ADD4-96FA680A1FB0}.AppStore|iPhoneSimulator.Deploy.0 = AppStore|iPhoneSimulator
		{2AFD3D66-4675-4D18-ADD4-96FA680A1FB0}.Debug|Any CPU.ActiveCfg = Debug|iPhoneSimulator
		{2AFD3D66-4675-4D18-ADD4-96FA680A1FB0}.Debug|Any CPU.Build.0 = Debug|iPhoneSimulator
		{2AFD3D66-4675-4D18-ADD4-96FA680A1FB0}.Debug|Any CPU.Deploy.0 = Debug|iPhoneSimulator
		{2AFD3D66-4675-4D18-ADD4-96FA680A1FB0}.Debug|iPhone.ActiveCfg = Debug|iPhone
		{2AFD3D66-4675-4D18-ADD4-96FA680A1FB0}.Debug|iPhone.Build.0 = Debug|iPhone
		{2AFD3D66-4675-4D18-ADD4-96FA680A1FB0}.Debug|iPhone.Deploy.0 = Debug|iPhone
		{2AFD3D66-4675-4D18-ADD4-96FA680A1FB0}.Debug|iPhoneSimulator.ActiveCfg = Debug|iPhoneSimulator
		{2AFD3D66-4675-4D18-ADD4-96FA680A1FB0}.Debug|iPhoneSimulator.Build.0 = Debug|iPhoneSimulator
		{2AFD3D66-4675-4D18-ADD4-96FA680A1FB0}.Debug|iPhoneSimulator.Deploy.0 = Debug|iPhoneSimulator
		{2AFD3D66-4675-4D18-ADD4-96FA680A1FB0}.Release|Any CPU.ActiveCfg = Release|iPhone
		{2AFD3D66-4675-4D18-ADD4-96FA680A1FB0}.Release|Any CPU.Build.0 = Release|iPhone
		{2AFD3D66-4675-4D18-ADD4-96FA680A1FB0}.Release|Any CPU.Deploy.0 = Release|iPhone
		{2AFD3D66-4675-4D18-ADD4-96FA680A1FB0}.Release|iPhone.ActiveCfg = Release|iPhone
		{2AFD3D66-4675-4D18-ADD4-96FA680A1FB0}.Release|iPhone.Build.0 = Release|iPhone
		{2AFD3D66-4675-4D18-ADD4-96FA680A1FB0}.Release|iPhone.Deploy.0 = Release|iPhone
		{2AFD3D66-4675-4D18-ADD4-96FA680A1FB0}.Release|iPhoneSimulator.ActiveCfg = Release|iPhoneSimulator
		{2AFD3D66-4675-4D18-ADD4-96FA680A1FB0}.Release|iPhoneSimulator.Build.0 = Release|iPhoneSimulator
		{2AFD3D66-4675-4D18-ADD4-96FA680A1FB0}.Release|iPhoneSimulator.Deploy.0 = Release|iPhoneSimulator
		{CE92FD46-16FE-4EB6-A362-606F9236F4BE}.Ad-Hoc|Any CPU.ActiveCfg = Debug|Any CPU
		{CE92FD46-16FE-4EB6-A362-606F9236F4BE}.Ad-Hoc|Any CPU.Build.0 = Debug|Any CPU
		{CE92FD46-16FE-4EB6-A362-606F9236F4BE}.Ad-Hoc|Any CPU.Deploy.0 = Debug|Any CPU
		{CE92FD46-16FE-4EB6-A362-606F9236F4BE}.Ad-Hoc|iPhone.ActiveCfg = Debug|Any CPU
		{CE92FD46-16FE-4EB6-A362-606F9236F4BE}.Ad-Hoc|iPhone.Build.0 = Debug|Any CPU
		{CE92FD46-16FE-4EB6-A362-606F9236F4BE}.Ad-Hoc|iPhone.Deploy.0 = Debug|Any CPU
		{CE92FD46-16FE-4EB6-A362-606F9236F4BE}.Ad-Hoc|iPhoneSimulator.ActiveCfg = Debug|Any CPU
		{CE92FD46-16FE-4EB6-A362-606F9236F4BE}.Ad-Hoc|iPhoneSimulator.Build.0 = Debug|Any CPU
		{CE92FD46-16FE-4EB6-A362-606F9236F4BE}.Ad-Hoc|iPhoneSimulator.Deploy.0 = Debug|Any CPU
		{CE92FD46-16FE-4EB6-A362-606F9236F4BE}.AppStore|Any CPU.ActiveCfg = Debug|Any CPU
		{CE92FD46-16FE-4EB6-A362-606F9236F4BE}.AppStore|Any CPU.Build.0 = Debug|Any CPU
		{CE92FD46-16FE-4EB6-A362-606F9236F4BE}.AppStore|Any CPU.Deploy.0 = Debug|Any CPU
		{CE92FD46-16FE-4EB6-A362-606F9236F4BE}.AppStore|iPhone.ActiveCfg = Debug|Any CPU
		{CE92FD46-16FE-4EB6-A362-606F9236F4BE}.AppStore|iPhone.Build.0 = Debug|Any CPU
		{CE92FD46-16FE-4EB6-A362-606F9236F4BE}.AppStore|iPhone.Deploy.0 = Debug|Any CPU
		{CE92FD46-16FE-4EB6-A362-606F9236F4BE}.AppStore|iPhoneSimulator.ActiveCfg = Debug|Any CPU
		{CE92FD46-16FE-4EB6-A362-606F9236F4BE}.AppStore|iPhoneSimulator.Build.0 = Debug|Any CPU
		{CE92FD46-16FE-4EB6-A362-606F9236F4BE}.AppStore|iPhoneSimulator.Deploy.0 = Debug|Any CPU
		{CE92FD46-16FE-4EB6-A362-606F9236F4BE}.Debug|Any CPU.ActiveCfg = Debug|Any CPU
		{CE92FD46-16FE-4EB6-A362-606F9236F4BE}.Debug|Any CPU.Build.0 = Debug|Any CPU
		{CE92FD46-16FE-4EB6-A362-606F9236F4BE}.Debug|Any CPU.Deploy.0 = Debug|Any CPU
		{CE92FD46-16FE-4EB6-A362-606F9236F4BE}.Debug|iPhone.ActiveCfg = Debug|Any CPU
		{CE92FD46-16FE-4EB6-A362-606F9236F4BE}.Debug|iPhone.Build.0 = Debug|Any CPU
		{CE92FD46-16FE-4EB6-A362-606F9236F4BE}.Debug|iPhone.Deploy.0 = Debug|Any CPU
		{CE92FD46-16FE-4EB6-A362-606F9236F4BE}.Debug|iPhoneSimulator.ActiveCfg = Debug|Any CPU
		{CE92FD46-16FE-4EB6-A362-606F9236F4BE}.Debug|iPhoneSimulator.Build.0 = Debug|Any CPU
		{CE92FD46-16FE-4EB6-A362-606F9236F4BE}.Debug|iPhoneSimulator.Deploy.0 = Debug|Any CPU
		{CE92FD46-16FE-4EB6-A362-606F9236F4BE}.Release|Any CPU.ActiveCfg = Release|Any CPU
		{CE92FD46-16FE-4EB6-A362-606F9236F4BE}.Release|Any CPU.Build.0 = Release|Any CPU
		{CE92FD46-16FE-4EB6-A362-606F9236F4BE}.Release|Any CPU.Deploy.0 = Release|Any CPU
		{CE92FD46-16FE-4EB6-A362-606F9236F4BE}.Release|iPhone.ActiveCfg = Release|Any CPU
		{CE92FD46-16FE-4EB6-A362-606F9236F4BE}.Release|iPhone.Build.0 = Release|Any CPU
		{CE92FD46-16FE-4EB6-A362-606F9236F4BE}.Release|iPhone.Deploy.0 = Release|Any CPU
		{CE92FD46-16FE-4EB6-A362-606F9236F4BE}.Release|iPhoneSimulator.ActiveCfg = Release|Any CPU
		{CE92FD46-16FE-4EB6-A362-606F9236F4BE}.Release|iPhoneSimulator.Build.0 = Release|Any CPU
		{CE92FD46-16FE-4EB6-A362-606F9236F4BE}.Release|iPhoneSimulator.Deploy.0 = Release|Any CPU
	EndGlobalSection
	GlobalSection(SolutionProperties) = preSolution
		HideSolutionNode = FALSE
	EndGlobalSection
	GlobalSection(ExtensibilityGlobals) = postSolution
		SolutionGuid = {4EE7012D-3A2C-4C2C-AC5D-A6B261D3529E}
	EndGlobalSection
EndGlobal
